// !$*UTF8*$!
{
	archiveVersion = 1;
	classes = {
	};
	objectVersion = 46;
	objects = {

/* Begin PBXBuildFile section */
		403A9ECE1D6AAF8800AEAB2E /* AppDelegate.swift in Sources */ = {isa = PBXBuildFile; fileRef = 403A9ECD1D6AAF8800AEAB2E /* AppDelegate.swift */; };
		403A9ED01D6AAF8800AEAB2E /* ViewController.swift in Sources */ = {isa = PBXBuildFile; fileRef = 403A9ECF1D6AAF8800AEAB2E /* ViewController.swift */; };
		403A9ED31D6AAF8800AEAB2E /* Main.storyboard in Resources */ = {isa = PBXBuildFile; fileRef = 403A9ED11D6AAF8800AEAB2E /* Main.storyboard */; };
		403A9ED51D6AAF8800AEAB2E /* Assets.xcassets in Resources */ = {isa = PBXBuildFile; fileRef = 403A9ED41D6AAF8800AEAB2E /* Assets.xcassets */; };
		403A9ED81D6AAF8800AEAB2E /* LaunchScreen.storyboard in Resources */ = {isa = PBXBuildFile; fileRef = 403A9ED61D6AAF8800AEAB2E /* LaunchScreen.storyboard */; };
/* End PBXBuildFile section */

/* Begin PBXFileReference section */
		403A9ECA1D6AAF8600AEAB2E /* Conference.app */ = {isa = PBXFileReference; explicitFileType = wrapper.application; includeInIndex = 0; path = Conference.app; sourceTree = BUILT_PRODUCTS_DIR; };
		403A9ECD1D6AAF8800AEAB2E /* AppDelegate.swift */ = {isa = PBXFileReference; lastKnownFileType = sourcecode.swift; path = AppDelegate.swift; sourceTree = "<group>"; };
		403A9ECF1D6AAF8800AEAB2E /* ViewController.swift */ = {isa = PBXFileReference; lastKnownFileType = sourcecode.swift; path = ViewController.swift; sourceTree = "<group>"; };
		403A9ED21D6AAF8800AEAB2E /* Base */ = {isa = PBXFileReference; lastKnownFileType = file.storyboard; name = Base; path = Base.lproj/Main.storyboard; sourceTree = "<group>"; };
		403A9ED41D6AAF8800AEAB2E /* Assets.xcassets */ = {isa = PBXFileReference; lastKnownFileType = folder.assetcatalog; path = Assets.xcassets; sourceTree = "<group>"; };
		403A9ED71D6AAF8800AEAB2E /* Base */ = {isa = PBXFileReference; lastKnownFileType = file.storyboard; name = Base; path = Base.lproj/LaunchScreen.storyboard; sourceTree = "<group>"; };
		403A9ED91D6AAF8800AEAB2E /* Info.plist */ = {isa = PBXFileReference; lastKnownFileType = text.plist.xml; path = Info.plist; sourceTree = "<group>"; };
/* End PBXFileReference section */

/* Begin PBXFrameworksBuildPhase section */
		403A9EC71D6AAF8600AEAB2E /* Frameworks */ = {
			isa = PBXFrameworksBuildPhase;
			buildActionMask = 2147483647;
			files = (
			);
			runOnlyForDeploymentPostprocessing = 0;
		};
/* End PBXFrameworksBuildPhase section */

/* Begin PBXGroup section */
		403A9EC11D6AAF8600AEAB2E = {
			isa = PBXGroup;
			children = (
				403A9ECC1D6AAF8800AEAB2E /* Conference */,
				403A9ECB1D6AAF8600AEAB2E /* Products */,
			);
			sourceTree = "<group>";
		};
		403A9ECB1D6AAF8600AEAB2E /* Products */ = {
			isa = PBXGroup;
			children = (
				403A9ECA1D6AAF8600AEAB2E /* Conference.app */,
			);
			name = Products;
			sourceTree = "<group>";
		};
		403A9ECC1D6AAF8800AEAB2E /* Conference */ = {
			isa = PBXGroup;
			children = (
				403A9ECD1D6AAF8800AEAB2E /* AppDelegate.swift */,
				403A9ECF1D6AAF8800AEAB2E /* ViewController.swift */,
				403A9ED11D6AAF8800AEAB2E /* Main.storyboard */,
				403A9ED41D6AAF8800AEAB2E /* Assets.xcassets */,
				403A9ED61D6AAF8800AEAB2E /* LaunchScreen.storyboard */,
				403A9ED91D6AAF8800AEAB2E /* Info.plist */,
			);
			path = Conference;
			sourceTree = "<group>";
		};
/* End PBXGroup section */

/* Begin PBXNativeTarget section */
		403A9EC91D6AAF8600AEAB2E /* Conference */ = {
			isa = PBXNativeTarget;
			buildConfigurationList = 403A9EDC1D6AAF8800AEAB2E /* Build configuration list for PBXNativeTarget "Conference" */;
			buildPhases = (
				403A9EC61D6AAF8600AEAB2E /* Sources */,
				403A9EC71D6AAF8600AEAB2E /* Frameworks */,
				403A9EC81D6AAF8600AEAB2E /* Resources */,
			);
			buildRules = (
			);
			dependencies = (
			);
			name = Conference;
			productName = Conference;
			productReference = 403A9ECA1D6AAF8600AEAB2E /* Conference.app */;
			productType = "com.apple.product-type.application";
		};
/* End PBXNativeTarget section */

/* Begin PBXProject section */
		403A9EC21D6AAF8600AEAB2E /* Project object */ = {
			isa = PBXProject;
			attributes = {
				LastSwiftUpdateCheck = 0730;
				LastUpgradeCheck = 0730;
				ORGANIZATIONNAME = VinCorp;
				TargetAttributes = {
					403A9EC91D6AAF8600AEAB2E = {
						CreatedOnToolsVersion = 7.3.1;
						DevelopmentTeam = 2662827S8E;
					};
				};
			};
			buildConfigurationList = 403A9EC51D6AAF8600AEAB2E /* Build configuration list for PBXProject "Conference" */;
			compatibilityVersion = "Xcode 3.2";
			developmentRegion = English;
			hasScannedForEncodings = 0;
			knownRegions = (
				en,
				Base,
			);
			mainGroup = 403A9EC11D6AAF8600AEAB2E;
			productRefGroup = 403A9ECB1D6AAF8600AEAB2E /* Products */;
			projectDirPath = "";
			projectRoot = "";
			targets = (
				403A9EC91D6AAF8600AEAB2E /* Conference */,
			);
		};
/* End PBXProject section */

/* Begin PBXResourcesBuildPhase section */
		403A9EC81D6AAF8600AEAB2E /* Resources */ = {
			isa = PBXResourcesBuildPhase;
			buildActionMask = 2147483647;
			files = (
				403A9ED81D6AAF8800AEAB2E /* LaunchScreen.storyboard in Resources */,
				403A9ED51D6AAF8800AEAB2E /* Assets.xcassets in Resources */,
				403A9ED31D6AAF8800AEAB2E /* Main.storyboard in Resources */,
			);
			runOnlyForDeploymentPostprocessing = 0;
		};
/* End PBXResourcesBuildPhase section */

/* Begin PBXSourcesBuildPhase section */
		403A9EC61D6AAF8600AEAB2E /* Sources */ = {
			isa = PBXSourcesBuildPhase;
			buildActionMask = 2147483647;
			files = (
				403A9ED01D6AAF8800AEAB2E /* ViewController.swift in Sources */,
				403A9ECE1D6AAF8800AEAB2E /* AppDelegate.swift in Sources */,
			);
			runOnlyForDeploymentPostprocessing = 0;
		};
/* End PBXSourcesBuildPhase section */

/* Begin PBXVariantGroup section */
		403A9ED11D6AAF8800AEAB2E /* Main.storyboard */ = {
			isa = PBXVariantGroup;
			children = (
				403A9ED21D6AAF8800AEAB2E /* Base */,
			);
			name = Main.storyboard;
			sourceTree = "<group>";
		};
		403A9ED61D6AAF8800AEAB2E /* LaunchScreen.storyboard */ = {
			isa = PBXVariantGroup;
			children = (
				403A9ED71D6AAF8800AEAB2E /* Base */,
			);
			name = LaunchScreen.storyboard;
			sourceTree = "<group>";
		};
/* End PBXVariantGroup section */

/* Begin XCBuildConfiguration section */
		403A9EDA1D6AAF8800AEAB2E /* Debug */ = {
			isa = XCBuildConfiguration;
			buildSettings = {
				ALWAYS_SEARCH_USER_PATHS = NO;
				CLANG_ANALYZER_NONNULL = YES;
				CLANG_CXX_LANGUAGE_STANDARD = "gnu++0x";
				CLANG_CXX_LIBRARY = "libc++";
				CLANG_ENABLE_MODULES = YES;
				CLANG_ENABLE_OBJC_ARC = YES;
				CLANG_WARN_BOOL_CONVERSION = YES;
				CLANG_WARN_CONSTANT_CONVERSION = YES;
				CLANG_WARN_DIRECT_OBJC_ISA_USAGE = YES_ERROR;
				CLANG_WARN_EMPTY_BODY = YES;
				CLANG_WARN_ENUM_CONVERSION = YES;
				CLANG_WARN_INT_CONVERSION = YES;
				CLANG_WARN_OBJC_ROOT_CLASS = YES_ERROR;
				CLANG_WARN_UNREACHABLE_CODE = YES;
				CLANG_WARN__DUPLICATE_METHOD_MATCH = YES;
				"CODE_SIGN_IDENTITY[sdk=iphoneos*]" = "iPhone Developer";
				COPY_PHASE_STRIP = NO;
				DEBUG_INFORMATION_FORMAT = dwarf;
				ENABLE_STRICT_OBJC_MSGSEND = YES;
				ENABLE_TESTABILITY = YES;
				GCC_C_LANGUAGE_STANDARD = gnu99;
				GCC_DYNAMIC_NO_PIC = NO;
				GCC_NO_COMMON_BLOCKS = YES;
				GCC_OPTIMIZATION_LEVEL = 0;
				GCC_PREPROCESSOR_DEFINITIONS = (
					"DEBUG=1",
					"$(inherited)",
				);
				GCC_WARN_64_TO_32_BIT_CONVERSION = YES;
				GCC_WARN_ABOUT_RETURN_TYPE = YES_ERROR;
				GCC_WARN_UNDECLARED_SELECTOR = YES;
				GCC_WARN_UNINITIALIZED_AUTOS = YES_AGGRESSIVE;
				GCC_WARN_UNUSED_FUNCTION = YES;
				GCC_WARN_UNUSED_VARIABLE = YES;
				IPHONEOS_DEPLOYMENT_TARGET = 9.3;
				MTL_ENABLE_DEBUG_INFO = YES;
				ONLY_ACTIVE_ARCH = YES;
				SDKROOT = iphoneos;
				SWIFT_OPTIMIZATION_LEVEL = "-Onone";
			};
			name = Debug;
		};
		403A9EDB1D6AAF8800AEAB2E /* Release */ = {
			isa = XCBuildConfiguration;
			buildSettings = {
				ALWAYS_SEARCH_USER_PATHS = NO;
				CLANG_ANALYZER_NONNULL = YES;
				CLANG_CXX_LANGUAGE_STANDARD = "gnu++0x";
				CLANG_CXX_LIBRARY = "libc++";
				CLANG_ENABLE_MODULES = YES;
				CLANG_ENABLE_OBJC_ARC = YES;
				CLANG_WARN_BOOL_CONVERSION = YES;
				CLANG_WARN_CONSTANT_CONVERSION = YES;
				CLANG_WARN_DIRECT_OBJC_ISA_USAGE = YES_ERROR;
				CLANG_WARN_EMPTY_BODY = YES;
				CLANG_WARN_ENUM_CONVERSION = YES;
				CLANG_WARN_INT_CONVERSION = YES;
				CLANG_WARN_OBJC_ROOT_CLASS = YES_ERROR;
				CLANG_WARN_UNREACHABLE_CODE = YES;
				CLANG_WARN__DUPLICATE_METHOD_MATCH = YES;
				"CODE_SIGN_IDENTITY[sdk=iphoneos*]" = "iPhone Developer";
				COPY_PHASE_STRIP = NO;
				DEBUG_INFORMATION_FORMAT = "dwarf-with-dsym";
				ENABLE_NS_ASSERTIONS = NO;
				ENABLE_STRICT_OBJC_MSGSEND = YES;
				GCC_C_LANGUAGE_STANDARD = gnu99;
				GCC_NO_COMMON_BLOCKS = YES;
				GCC_WARN_64_TO_32_BIT_CONVERSION = YES;
				GCC_WARN_ABOUT_RETURN_TYPE = YES_ERROR;
				GCC_WARN_UNDECLARED_SELECTOR = YES;
				GCC_WARN_UNINITIALIZED_AUTOS = YES_AGGRESSIVE;
				GCC_WARN_UNUSED_FUNCTION = YES;
				GCC_WARN_UNUSED_VARIABLE = YES;
				IPHONEOS_DEPLOYMENT_TARGET = 9.3;
				MTL_ENABLE_DEBUG_INFO = NO;
				SDKROOT = iphoneos;
				VALIDATE_PRODUCT = YES;
			};
			name = Release;
		};
		403A9EDD1D6AAF8800AEAB2E /* Debug */ = {
			isa = XCBuildConfiguration;
			buildSettings = {
				ASSETCATALOG_COMPILER_APPICON_NAME = AppIcon;
				CODE_SIGN_IDENTITY = "iPhone Developer";
				INFOPLIST_FILE = Conference/Info.plist;
				LD_RUNPATH_SEARCH_PATHS = "$(inherited) @executable_path/Frameworks";
				PRODUCT_BUNDLE_IDENTIFIER = VinCorp.Aditya.Conference;
				PRODUCT_NAME = "$(TARGET_NAME)";
			};
			name = Debug;
		};
		403A9EDE1D6AAF8800AEAB2E /* Release */ = {
			isa = XCBuildConfiguration;
			buildSettings = {
				ASSETCATALOG_COMPILER_APPICON_NAME = AppIcon;
				CODE_SIGN_IDENTITY = "iPhone Developer";
				INFOPLIST_FILE = Conference/Info.plist;
				LD_RUNPATH_SEARCH_PATHS = "$(inherited) @executable_path/Frameworks";
				PRODUCT_BUNDLE_IDENTIFIER = VinCorp.Aditya.Conference;
				PRODUCT_NAME = "$(TARGET_NAME)";
			};
			name = Release;
		};
/* End XCBuildConfiguration section */

/* Begin XCConfigurationList section */
		403A9EC51D6AAF8600AEAB2E /* Build configuration list for PBXProject "Conference" */ = {
			isa = XCConfigurationList;
			buildConfigurations = (
				403A9EDA1D6AAF8800AEAB2E /* Debug */,
				403A9EDB1D6AAF8800AEAB2E /* Release */,
			);
			defaultConfigurationIsVisible = 0;
			defaultConfigurationName = Release;
		};
		403A9EDC1D6AAF8800AEAB2E /* Build configuration list for PBXNativeTarget "Conference" */ = {
			isa = XCConfigurationList;
			buildConfigurations = (
				403A9EDD1D6AAF8800AEAB2E /* Debug */,
				403A9EDE1D6AAF8800AEAB2E /* Release */,
			);
			defaultConfigurationIsVisible = 0;
		};
/* End XCConfigurationList section */
	};
	rootObject = 403A9EC21D6AAF8600AEAB2E /* Project object */;
}
